
Microsoft Visual Studio Solution File, Format Version 12.00
# Visual Studio Version 17
VisualStudioVersion = 17.0.32112.339
MinimumVisualStudioVersion = 10.0.40219.1
Project("{8BC9CEB8-8B4A-11D0-8D11-00A0C91BC942}") = "Testproject", "Testproject\Testproject.vcxproj", "{3FE0C2C0-E828-4ACD-8B1B-890DBB1E8B94}"
EndProject
Project("{8BC9CEB8-8B4A-11D0-8D11-00A0C91BC942}") = "TransportProject", "TransportProject\TransportProject.vcxproj", "{36E41522-D138-4FC3-A603-644BD076D5B2}"
EndProject
Global
	GlobalSection(SolutionConfigurationPlatforms) = preSolution
		Debug|x64 = Debug|x64
		Debug|x86 = Debug|x86
		Release|x64 = Release|x64
		Release|x86 = Release|x86
	EndGlobalSection
	GlobalSection(ProjectConfigurationPlatforms) = postSolution
		{3FE0C2C0-E828-4ACD-8B1B-890DBB1E8B94}.Debug|x64.ActiveCfg = Debug|x64
		{3FE0C2C0-E828-4ACD-8B1B-890DBB1E8B94}.Debug|x64.Build.0 = Debug|x64
		{3FE0C2C0-E828-4ACD-8B1B-890DBB1E8B94}.Debug|x86.ActiveCfg = Debug|Win32
		{3FE0C2C0-E828-4ACD-8B1B-890DBB1E8B94}.Debug|x86.Build.0 = Debug|Win32
		{3FE0C2C0-E828-4ACD-8B1B-890DBB1E8B94}.Release|x64.ActiveCfg = Release|x64
		{3FE0C2C0-E828-4ACD-8B1B-890DBB1E8B94}.Release|x64.Build.0 = Release|x64
		{3FE0C2C0-E828-4ACD-8B1B-890DBB1E8B94}.Release|x86.ActiveCfg = Release|Win32
		{3FE0C2C0-E828-4ACD-8B1B-890DBB1E8B94}.Release|x86.Build.0 = Release|Win32
		{36E41522-D138-4FC3-A603-644BD076D5B2}.Debug|x64.ActiveCfg = Debug|x64
		{36E41522-D138-4FC3-A603-644BD076D5B2}.Debug|x64.Build.0 = Debug|x64
		{36E41522-D138-4FC3-A603-644BD076D5B2}.Debug|x86.ActiveCfg = Debug|Win32
		{36E41522-D138-4FC3-A603-644BD076D5B2}.Debug|x86.Build.0 = Debug|Win32
		{36E41522-D138-4FC3-A603-644BD076D5B2}.Release|x64.ActiveCfg = Release|x64
		{36E41522-D138-4FC3-A603-644BD076D5B2}.Release|x64.Build.0 = Release|x64
		{36E41522-D138-4FC3-A603-644BD076D5B2}.Release|x86.ActiveCfg = Release|Win32
		{36E41522-D138-4FC3-A603-644BD076D5B2}.Release|x86.Build.0 = Release|Win32
	EndGlobalSection
	GlobalSection(SolutionProperties) = preSolution
		HideSolutionNode = FALSE
	EndGlobalSection
	GlobalSection(ExtensibilityGlobals) = postSolution
		SolutionGuid = {144E2631-38C6-436A-8C2A-15F14069C368}
	EndGlobalSection
EndGlobal
